
Microsoft Visual Studio Solution File, Format Version 12.00
# Visual Studio Version 17
VisualStudioVersion = 17.7.34031.279
MinimumVisualStudioVersion = 10.0.40219.1
Project("{9A19103F-16F7-4668-BE54-9A1E7A4F7556}") = "HairSara", "HairSara.csproj", "{8DCCF3AC-3FB9-4955-8A7B-D81AB093D7D3}"
EndProject
Project("{9A19103F-16F7-4668-BE54-9A1E7A4F7556}") = "Storage", "..\Storage\Storage.csproj", "{5D7764CA-00BC-4473-9342-364FF32F22BB}"
EndProject
Project("{FAE04EC0-301F-11D3-BF4B-00C04F79EFBC}") = "Template", "..\Template\Template.csproj", "{D2433E58-A989-4188-84A5-E062A7A11915}"
EndProject
Global
	GlobalSection(SolutionConfigurationPlatforms) = preSolution
		Debug|Any CPU = Debug|Any CPU
		Release|Any CPU = Release|Any CPU
	EndGlobalSection
	GlobalSection(ProjectConfigurationPlatforms) = postSolution
		{8DCCF3AC-3FB9-4955-8A7B-D81AB093D7D3}.Debug|Any CPU.ActiveCfg = Debug|Any CPU
		{8DCCF3AC-3FB9-4955-8A7B-D81AB093D7D3}.Debug|Any CPU.Build.0 = Debug|Any CPU
		{8DCCF3AC-3FB9-4955-8A7B-D81AB093D7D3}.Release|Any CPU.ActiveCfg = Release|Any CPU
		{8DCCF3AC-3FB9-4955-8A7B-D81AB093D7D3}.Release|Any CPU.Build.0 = Release|Any CPU
		{5D7764CA-00BC-4473-9342-364FF32F22BB}.Debug|Any CPU.ActiveCfg = Debug|Any CPU
		{5D7764CA-00BC-4473-9342-364FF32F22BB}.Debug|Any CPU.Build.0 = Debug|Any CPU
		{5D7764CA-00BC-4473-9342-364FF32F22BB}.Release|Any CPU.ActiveCfg = Release|Any CPU
		{5D7764CA-00BC-4473-9342-364FF32F22BB}.Release|Any CPU.Build.0 = Release|Any CPU
		{D2433E58-A989-4188-84A5-E062A7A11915}.Debug|Any CPU.ActiveCfg = Debug|Any CPU
		{D2433E58-A989-4188-84A5-E062A7A11915}.Debug|Any CPU.Build.0 = Debug|Any CPU
		{D2433E58-A989-4188-84A5-E062A7A11915}.Release|Any CPU.ActiveCfg = Release|Any CPU
		{D2433E58-A989-4188-84A5-E062A7A11915}.Release|Any CPU.Build.0 = Release|Any CPU
	EndGlobalSection
	GlobalSection(SolutionProperties) = preSolution
		HideSolutionNode = FALSE
	EndGlobalSection
	GlobalSection(ExtensibilityGlobals) = postSolution
		SolutionGuid = {C183A4AA-5E65-48D6-81B1-B74E5142D64D}
	EndGlobalSection
EndGlobal
